PODS:
  - Amplitude (7.0.1)
  - Analytics (4.1.2)
  - Flutter (1.0.0)
  - flutter_segment (0.0.1):
    - Analytics (~> 4.1.2)
    - Flutter
    - Segment-Amplitude (~> 3.2.3)
  - Segment-Amplitude (3.2.3):
    - Amplitude (~> 7.0.1)
    - Analytics

DEPENDENCIES:
  - Flutter (from `Flutter`)
  - flutter_segment (from `.symlinks/plugins/flutter_segment/ios`)

SPEC REPOS:
  trunk:
    - Amplitude
    - Analytics
    - Segment-Amplitude

EXTERNAL SOURCES:
  Flutter:
    :path: Flutter
  flutter_segment:
    :path: ".symlinks/plugins/flutter_segment/ios"

SPEC CHECKSUMS:
  Amplitude: 31a9038dca905b78294418ed277da9c2e07658ad
  Analytics: 177da2c597aba83a6882b706ca6e0a071fd7cd26
  Flutter: 0e3d915762c693b495b44d77113d4970485de6ec
  flutter_segment: bff2732e94a563b275d4718ba8efd37fbe91f613
  Segment-Amplitude: 79e13fa0aa58341212041f524f5f9679e40c23de

PODFILE CHECKSUM: 76aaac2b301aa40241aa71d54b58fe3a3c060f7b

COCOAPODS: 1.10.0
